// !$*UTF8*$!
{
	archiveVersion = 1;
	classes = {
	};
	objectVersion = 51;
	objects = {

/* Begin PBXBuildFile section */
		5F561B6FDB9B6F7E102892F4 /* Pods_GitHubb.framework in Frameworks */ = {isa = PBXBuildFile; fileRef = A12F81DE78E4A295532903B1 /* Pods_GitHubb.framework */; };
		E670153B241FDDB700BAAD05 /* AppDelegate.m in Sources */ = {isa = PBXBuildFile; fileRef = E670153A241FDDB700BAAD05 /* AppDelegate.m */; };
		E670153E241FDDB700BAAD05 /* SceneDelegate.m in Sources */ = {isa = PBXBuildFile; fileRef = E670153D241FDDB700BAAD05 /* SceneDelegate.m */; };
		E6701544241FDDB700BAAD05 /* Main.storyboard in Resources */ = {isa = PBXBuildFile; fileRef = E6701542241FDDB700BAAD05 /* Main.storyboard */; };
		E6701546241FDDB800BAAD05 /* Assets.xcassets in Resources */ = {isa = PBXBuildFile; fileRef = E6701545241FDDB800BAAD05 /* Assets.xcassets */; };
		E6701549241FDDB800BAAD05 /* LaunchScreen.storyboard in Resources */ = {isa = PBXBuildFile; fileRef = E6701547241FDDB800BAAD05 /* LaunchScreen.storyboard */; };
		E670154C241FDDB800BAAD05 /* main.m in Sources */ = {isa = PBXBuildFile; fileRef = E670154B241FDDB800BAAD05 /* main.m */; };
		E6701555241FE71C00BAAD05 /* ITS_UserListTableViewController.m in Sources */ = {isa = PBXBuildFile; fileRef = E6701554241FE71C00BAAD05 /* ITS_UserListTableViewController.m */; };
		E670155C241FF8E400BAAD05 /* ITS_UserListTableViewCell.m in Sources */ = {isa = PBXBuildFile; fileRef = E670155A241FF8E400BAAD05 /* ITS_UserListTableViewCell.m */; };
		E670155D241FF8E400BAAD05 /* ITS_UserListTableViewCell.xib in Resources */ = {isa = PBXBuildFile; fileRef = E670155B241FF8E400BAAD05 /* ITS_UserListTableViewCell.xib */; };
		E670155E241FFD9100BAAD05 /* ITS_UserListTableViewCell.h in Sources */ = {isa = PBXBuildFile; fileRef = E6701559241FF8E400BAAD05 /* ITS_UserListTableViewCell.h */; };
		E67015622420023F00BAAD05 /* ITS_ServiceUtils.m in Sources */ = {isa = PBXBuildFile; fileRef = E67015612420023F00BAAD05 /* ITS_ServiceUtils.m */; };
		E6701565242003B300BAAD05 /* ITS_ServiceManager.m in Sources */ = {isa = PBXBuildFile; fileRef = E6701564242003B300BAAD05 /* ITS_ServiceManager.m */; };
		E67015682420050200BAAD05 /* ITS_Repository.m in Sources */ = {isa = PBXBuildFile; fileRef = E67015672420050200BAAD05 /* ITS_Repository.m */; };
		E670156D242007C200BAAD05 /* User.m in Sources */ = {isa = PBXBuildFile; fileRef = E670156C242007C200BAAD05 /* User.m */; };
		E67015702420115F00BAAD05 /* ITS_UserListViewModel.m in Sources */ = {isa = PBXBuildFile; fileRef = E670156F2420115F00BAAD05 /* ITS_UserListViewModel.m */; };
		E67015732420D78900BAAD05 /* ITS_ProfileViewController.m in Sources */ = {isa = PBXBuildFile; fileRef = E67015722420D78900BAAD05 /* ITS_ProfileViewController.m */; };
		E67015762420E2D600BAAD05 /* ITS_UserProfileViewModel.m in Sources */ = {isa = PBXBuildFile; fileRef = E67015752420E2D600BAAD05 /* ITS_UserProfileViewModel.m */; };
		E670157A2420EE0300BAAD05 /* ITS_RepoCollectionViewCell.m in Sources */ = {isa = PBXBuildFile; fileRef = E67015782420EE0300BAAD05 /* ITS_RepoCollectionViewCell.m */; };
		E670157B2420EE0300BAAD05 /* ITS_RepoCollectionViewCell.xib in Resources */ = {isa = PBXBuildFile; fileRef = E67015792420EE0300BAAD05 /* ITS_RepoCollectionViewCell.xib */; };
		E670157E2421064500BAAD05 /* Repo.m in Sources */ = {isa = PBXBuildFile; fileRef = E670157D2421064500BAAD05 /* Repo.m */; };
/* End PBXBuildFile section */

/* Begin PBXFileReference section */
		218CF9D471818035797B4786 /* Pods-GitHubb.release.xcconfig */ = {isa = PBXFileReference; includeInIndex = 1; lastKnownFileType = text.xcconfig; name = "Pods-GitHubb.release.xcconfig"; path = "Target Support Files/Pods-GitHubb/Pods-GitHubb.release.xcconfig"; sourceTree = "<group>"; };
		90766660221418CC226EFBD5 /* Pods-GitHubb.debug.xcconfig */ = {isa = PBXFileReference; includeInIndex = 1; lastKnownFileType = text.xcconfig; name = "Pods-GitHubb.debug.xcconfig"; path = "Target Support Files/Pods-GitHubb/Pods-GitHubb.debug.xcconfig"; sourceTree = "<group>"; };
		A12F81DE78E4A295532903B1 /* Pods_GitHubb.framework */ = {isa = PBXFileReference; explicitFileType = wrapper.framework; includeInIndex = 0; path = Pods_GitHubb.framework; sourceTree = BUILT_PRODUCTS_DIR; };
		E6701536241FDDB700BAAD05 /* GitHubb.app */ = {isa = PBXFileReference; explicitFileType = wrapper.application; includeInIndex = 0; path = GitHubb.app; sourceTree = BUILT_PRODUCTS_DIR; };
		E6701539241FDDB700BAAD05 /* AppDelegate.h */ = {isa = PBXFileReference; lastKnownFileType = sourcecode.c.h; path = AppDelegate.h; sourceTree = "<group>"; };
		E670153A241FDDB700BAAD05 /* AppDelegate.m */ = {isa = PBXFileReference; lastKnownFileType = sourcecode.c.objc; path = AppDelegate.m; sourceTree = "<group>"; };
		E670153C241FDDB700BAAD05 /* SceneDelegate.h */ = {isa = PBXFileReference; lastKnownFileType = sourcecode.c.h; path = SceneDelegate.h; sourceTree = "<group>"; };
		E670153D241FDDB700BAAD05 /* SceneDelegate.m */ = {isa = PBXFileReference; lastKnownFileType = sourcecode.c.objc; path = SceneDelegate.m; sourceTree = "<group>"; };
		E6701543241FDDB700BAAD05 /* Base */ = {isa = PBXFileReference; lastKnownFileType = file.storyboard; name = Base; path = Base.lproj/Main.storyboard; sourceTree = "<group>"; };
		E6701545241FDDB800BAAD05 /* Assets.xcassets */ = {isa = PBXFileReference; lastKnownFileType = folder.assetcatalog; path = Assets.xcassets; sourceTree = "<group>"; };
		E6701548241FDDB800BAAD05 /* Base */ = {isa = PBXFileReference; lastKnownFileType = file.storyboard; name = Base; path = Base.lproj/LaunchScreen.storyboard; sourceTree = "<group>"; };
		E670154A241FDDB800BAAD05 /* Info.plist */ = {isa = PBXFileReference; lastKnownFileType = text.plist.xml; path = Info.plist; sourceTree = "<group>"; };
		E670154B241FDDB800BAAD05 /* main.m */ = {isa = PBXFileReference; lastKnownFileType = sourcecode.c.objc; path = main.m; sourceTree = "<group>"; };
		E6701553241FE71C00BAAD05 /* ITS_UserListTableViewController.h */ = {isa = PBXFileReference; lastKnownFileType = sourcecode.c.h; path = ITS_UserListTableViewController.h; sourceTree = "<group>"; };
		E6701554241FE71C00BAAD05 /* ITS_UserListTableViewController.m */ = {isa = PBXFileReference; lastKnownFileType = sourcecode.c.objc; path = ITS_UserListTableViewController.m; sourceTree = "<group>"; };
		E6701559241FF8E400BAAD05 /* ITS_UserListTableViewCell.h */ = {isa = PBXFileReference; lastKnownFileType = sourcecode.c.h; path = ITS_UserListTableViewCell.h; sourceTree = "<group>"; };
		E670155A241FF8E400BAAD05 /* ITS_UserListTableViewCell.m */ = {isa = PBXFileReference; lastKnownFileType = sourcecode.c.objc; path = ITS_UserListTableViewCell.m; sourceTree = "<group>"; };
		E670155B241FF8E400BAAD05 /* ITS_UserListTableViewCell.xib */ = {isa = PBXFileReference; lastKnownFileType = file.xib; path = ITS_UserListTableViewCell.xib; sourceTree = "<group>"; };
		E67015602420023F00BAAD05 /* ITS_ServiceUtils.h */ = {isa = PBXFileReference; lastKnownFileType = sourcecode.c.h; path = ITS_ServiceUtils.h; sourceTree = "<group>"; };
		E67015612420023F00BAAD05 /* ITS_ServiceUtils.m */ = {isa = PBXFileReference; lastKnownFileType = sourcecode.c.objc; path = ITS_ServiceUtils.m; sourceTree = "<group>"; };
		E6701563242003B300BAAD05 /* ITS_ServiceManager.h */ = {isa = PBXFileReference; lastKnownFileType = sourcecode.c.h; path = ITS_ServiceManager.h; sourceTree = "<group>"; };
		E6701564242003B300BAAD05 /* ITS_ServiceManager.m */ = {isa = PBXFileReference; lastKnownFileType = sourcecode.c.objc; path = ITS_ServiceManager.m; sourceTree = "<group>"; };
		E67015662420050200BAAD05 /* ITS_Repository.h */ = {isa = PBXFileReference; lastKnownFileType = sourcecode.c.h; path = ITS_Repository.h; sourceTree = "<group>"; };
		E67015672420050200BAAD05 /* ITS_Repository.m */ = {isa = PBXFileReference; lastKnownFileType = sourcecode.c.objc; path = ITS_Repository.m; sourceTree = "<group>"; };
		E670156B242007C200BAAD05 /* User.h */ = {isa = PBXFileReference; lastKnownFileType = sourcecode.c.h; path = User.h; sourceTree = "<group>"; };
		E670156C242007C200BAAD05 /* User.m */ = {isa = PBXFileReference; lastKnownFileType = sourcecode.c.objc; path = User.m; sourceTree = "<group>"; };
		E670156E2420115F00BAAD05 /* ITS_UserListViewModel.h */ = {isa = PBXFileReference; lastKnownFileType = sourcecode.c.h; path = ITS_UserListViewModel.h; sourceTree = "<group>"; };
		E670156F2420115F00BAAD05 /* ITS_UserListViewModel.m */ = {isa = PBXFileReference; lastKnownFileType = sourcecode.c.objc; path = ITS_UserListViewModel.m; sourceTree = "<group>"; };
		E67015712420D78900BAAD05 /* ITS_ProfileViewController.h */ = {isa = PBXFileReference; lastKnownFileType = sourcecode.c.h; path = ITS_ProfileViewController.h; sourceTree = "<group>"; };
		E67015722420D78900BAAD05 /* ITS_ProfileViewController.m */ = {isa = PBXFileReference; lastKnownFileType = sourcecode.c.objc; path = ITS_ProfileViewController.m; sourceTree = "<group>"; };
		E67015742420E2D600BAAD05 /* ITS_UserProfileViewModel.h */ = {isa = PBXFileReference; lastKnownFileType = sourcecode.c.h; path = ITS_UserProfileViewModel.h; sourceTree = "<group>"; };
		E67015752420E2D600BAAD05 /* ITS_UserProfileViewModel.m */ = {isa = PBXFileReference; lastKnownFileType = sourcecode.c.objc; path = ITS_UserProfileViewModel.m; sourceTree = "<group>"; };
		E67015772420EE0300BAAD05 /* ITS_RepoCollectionViewCell.h */ = {isa = PBXFileReference; lastKnownFileType = sourcecode.c.h; path = ITS_RepoCollectionViewCell.h; sourceTree = "<group>"; };
		E67015782420EE0300BAAD05 /* ITS_RepoCollectionViewCell.m */ = {isa = PBXFileReference; lastKnownFileType = sourcecode.c.objc; path = ITS_RepoCollectionViewCell.m; sourceTree = "<group>"; };
		E67015792420EE0300BAAD05 /* ITS_RepoCollectionViewCell.xib */ = {isa = PBXFileReference; lastKnownFileType = file.xib; path = ITS_RepoCollectionViewCell.xib; sourceTree = "<group>"; };
		E670157C2421064500BAAD05 /* Repo.h */ = {isa = PBXFileReference; lastKnownFileType = sourcecode.c.h; path = Repo.h; sourceTree = "<group>"; };
		E670157D2421064500BAAD05 /* Repo.m */ = {isa = PBXFileReference; lastKnownFileType = sourcecode.c.objc; path = Repo.m; sourceTree = "<group>"; };
/* End PBXFileReference section */

/* Begin PBXFrameworksBuildPhase section */
		E6701533241FDDB700BAAD05 /* Frameworks */ = {
			isa = PBXFrameworksBuildPhase;
			buildActionMask = 2147483647;
			files = (
				5F561B6FDB9B6F7E102892F4 /* Pods_GitHubb.framework in Frameworks */,
			);
			runOnlyForDeploymentPostprocessing = 0;
		};
/* End PBXFrameworksBuildPhase section */

/* Begin PBXGroup section */
		C2D187C7204C828836D7F22A /* Pods */ = {
			isa = PBXGroup;
			children = (
				90766660221418CC226EFBD5 /* Pods-GitHubb.debug.xcconfig */,
				218CF9D471818035797B4786 /* Pods-GitHubb.release.xcconfig */,
			);
			path = Pods;
			sourceTree = "<group>";
		};
		E670152D241FDDB700BAAD05 = {
			isa = PBXGroup;
			children = (
				E6701538241FDDB700BAAD05 /* GitHubb */,
				E6701537241FDDB700BAAD05 /* Products */,
				C2D187C7204C828836D7F22A /* Pods */,
				F03B72C20BA66B7227A9D0E5 /* Frameworks */,
			);
			sourceTree = "<group>";
		};
		E6701537241FDDB700BAAD05 /* Products */ = {
			isa = PBXGroup;
			children = (
				E6701536241FDDB700BAAD05 /* GitHubb.app */,
			);
			name = Products;
			sourceTree = "<group>";
		};
		E6701538241FDDB700BAAD05 /* GitHubb */ = {
			isa = PBXGroup;
			children = (
				E6701558241FF8B100BAAD05 /* Design */,
				E6701557241FF8A400BAAD05 /* ITSControls */,
				E6701556241FF87900BAAD05 /* ViewControllers */,
				E6701552241FDDC600BAAD05 /* Storyboards */,
				E670155F2420020E00BAAD05 /* ITSServices */,
				E6701545241FDDB800BAAD05 /* Assets.xcassets */,
				E6701539241FDDB700BAAD05 /* AppDelegate.h */,
				E670153A241FDDB700BAAD05 /* AppDelegate.m */,
				E670153C241FDDB700BAAD05 /* SceneDelegate.h */,
				E670153D241FDDB700BAAD05 /* SceneDelegate.m */,
				E670154A241FDDB800BAAD05 /* Info.plist */,
				E670154B241FDDB800BAAD05 /* main.m */,
			);
			path = GitHubb;
			sourceTree = "<group>";
		};
		E6701552241FDDC600BAAD05 /* Storyboards */ = {
			isa = PBXGroup;
			children = (
				E6701542241FDDB700BAAD05 /* Main.storyboard */,
				E6701547241FDDB800BAAD05 /* LaunchScreen.storyboard */,
			);
			path = Storyboards;
			sourceTree = "<group>";
		};
		E6701556241FF87900BAAD05 /* ViewControllers */ = {
			isa = PBXGroup;
			children = (
				E6701553241FE71C00BAAD05 /* ITS_UserListTableViewController.h */,
				E6701554241FE71C00BAAD05 /* ITS_UserListTableViewController.m */,
				E67015712420D78900BAAD05 /* ITS_ProfileViewController.h */,
				E67015722420D78900BAAD05 /* ITS_ProfileViewController.m */,
			);
			path = ViewControllers;
			sourceTree = "<group>";
		};
		E6701557241FF8A400BAAD05 /* ITSControls */ = {
			isa = PBXGroup;
			children = (
				E670156A242006B800BAAD05 /* ViewModels */,
				E6701569242006B200BAAD05 /* Models */,
			);
			path = ITSControls;
			sourceTree = "<group>";
		};
		E6701558241FF8B100BAAD05 /* Design */ = {
			isa = PBXGroup;
			children = (
				E6701559241FF8E400BAAD05 /* ITS_UserListTableViewCell.h */,
				E670155A241FF8E400BAAD05 /* ITS_UserListTableViewCell.m */,
				E670155B241FF8E400BAAD05 /* ITS_UserListTableViewCell.xib */,
				E67015772420EE0300BAAD05 /* ITS_RepoCollectionViewCell.h */,
				E67015782420EE0300BAAD05 /* ITS_RepoCollectionViewCell.m */,
				E67015792420EE0300BAAD05 /* ITS_RepoCollectionViewCell.xib */,
			);
			path = Design;
			sourceTree = "<group>";
		};
		E670155F2420020E00BAAD05 /* ITSServices */ = {
			isa = PBXGroup;
			children = (
				E67015662420050200BAAD05 /* ITS_Repository.h */,
				E67015672420050200BAAD05 /* ITS_Repository.m */,
				E6701563242003B300BAAD05 /* ITS_ServiceManager.h */,
				E6701564242003B300BAAD05 /* ITS_ServiceManager.m */,
				E67015602420023F00BAAD05 /* ITS_ServiceUtils.h */,
				E67015612420023F00BAAD05 /* ITS_ServiceUtils.m */,
			);
			path = ITSServices;
			sourceTree = "<group>";
		};
		E6701569242006B200BAAD05 /* Models */ = {
			isa = PBXGroup;
			children = (
				E670156B242007C200BAAD05 /* User.h */,
				E670156C242007C200BAAD05 /* User.m */,
				E670157C2421064500BAAD05 /* Repo.h */,
				E670157D2421064500BAAD05 /* Repo.m */,
			);
			path = Models;
			sourceTree = "<group>";
		};
		E670156A242006B800BAAD05 /* ViewModels */ = {
			isa = PBXGroup;
			children = (
				E670156E2420115F00BAAD05 /* ITS_UserListViewModel.h */,
				E670156F2420115F00BAAD05 /* ITS_UserListViewModel.m */,
				E67015742420E2D600BAAD05 /* ITS_UserProfileViewModel.h */,
				E67015752420E2D600BAAD05 /* ITS_UserProfileViewModel.m */,
			);
			path = ViewModels;
			sourceTree = "<group>";
		};
		F03B72C20BA66B7227A9D0E5 /* Frameworks */ = {
			isa = PBXGroup;
			children = (
				A12F81DE78E4A295532903B1 /* Pods_GitHubb.framework */,
			);
			name = Frameworks;
			sourceTree = "<group>";
		};
/* End PBXGroup section */

/* Begin PBXNativeTarget section */
		E6701535241FDDB700BAAD05 /* GitHubb */ = {
			isa = PBXNativeTarget;
			buildConfigurationList = E670154F241FDDB800BAAD05 /* Build configuration list for PBXNativeTarget "GitHubb" */;
			buildPhases = (
				572447883813CAE63207692C /* [CP] Check Pods Manifest.lock */,
				E6701532241FDDB700BAAD05 /* Sources */,
				E6701533241FDDB700BAAD05 /* Frameworks */,
				E6701534241FDDB700BAAD05 /* Resources */,
				CCA249E1CA2BB05D1FB25DC7 /* [CP] Embed Pods Frameworks */,
			);
			buildRules = (
			);
			dependencies = (
			);
			name = GitHubb;
			productName = GitHubb;
			productReference = E6701536241FDDB700BAAD05 /* GitHubb.app */;
			productType = "com.apple.product-type.application";
		};
/* End PBXNativeTarget section */

/* Begin PBXProject section */
		E670152E241FDDB700BAAD05 /* Project object */ = {
			isa = PBXProject;
			attributes = {
				LastUpgradeCheck = 1130;
				ORGANIZATIONNAME = "Bernardo Ribeiro";
				TargetAttributes = {
					E6701535241FDDB700BAAD05 = {
						CreatedOnToolsVersion = 11.3.1;
					};
				};
			};
			buildConfigurationList = E6701531241FDDB700BAAD05 /* Build configuration list for PBXProject "GitHubb" */;
			compatibilityVersion = "Xcode 9.3";
			developmentRegion = en;
			hasScannedForEncodings = 0;
			knownRegions = (
				en,
				Base,
			);
			mainGroup = E670152D241FDDB700BAAD05;
			productRefGroup = E6701537241FDDB700BAAD05 /* Products */;
			projectDirPath = "";
			projectRoot = "";
			targets = (
				E6701535241FDDB700BAAD05 /* GitHubb */,
			);
		};
/* End PBXProject section */

/* Begin PBXResourcesBuildPhase section */
		E6701534241FDDB700BAAD05 /* Resources */ = {
			isa = PBXResourcesBuildPhase;
			buildActionMask = 2147483647;
			files = (
				E6701549241FDDB800BAAD05 /* LaunchScreen.storyboard in Resources */,
				E6701546241FDDB800BAAD05 /* Assets.xcassets in Resources */,
				E6701544241FDDB700BAAD05 /* Main.storyboard in Resources */,
				E670157B2420EE0300BAAD05 /* ITS_RepoCollectionViewCell.xib in Resources */,
				E670155D241FF8E400BAAD05 /* ITS_UserListTableViewCell.xib in Resources */,
			);
			runOnlyForDeploymentPostprocessing = 0;
		};
/* End PBXResourcesBuildPhase section */

/* Begin PBXShellScriptBuildPhase section */
		572447883813CAE63207692C /* [CP] Check Pods Manifest.lock */ = {
			isa = PBXShellScriptBuildPhase;
			buildActionMask = 2147483647;
			files = (
			);
			inputFileListPaths = (
			);
			inputPaths = (
				"${PODS_PODFILE_DIR_PATH}/Podfile.lock",
				"${PODS_ROOT}/Manifest.lock",
			);
			name = "[CP] Check Pods Manifest.lock";
			outputFileListPaths = (
			);
			outputPaths = (
				"$(DERIVED_FILE_DIR)/Pods-GitHubb-checkManifestLockResult.txt",
			);
			runOnlyForDeploymentPostprocessing = 0;
			shellPath = /bin/sh;
			shellScript = "diff \"${PODS_PODFILE_DIR_PATH}/Podfile.lock\" \"${PODS_ROOT}/Manifest.lock\" > /dev/null\nif [ $? != 0 ] ; then\n    # print error to STDERR\n    echo \"error: The sandbox is not in sync with the Podfile.lock. Run 'pod install' or update your CocoaPods installation.\" >&2\n    exit 1\nfi\n# This output is used by Xcode 'outputs' to avoid re-running this script phase.\necho \"SUCCESS\" > \"${SCRIPT_OUTPUT_FILE_0}\"\n";
			showEnvVarsInLog = 0;
		};
		CCA249E1CA2BB05D1FB25DC7 /* [CP] Embed Pods Frameworks */ = {
			isa = PBXShellScriptBuildPhase;
			buildActionMask = 2147483647;
			files = (
			);
			inputFileListPaths = (
				"${PODS_ROOT}/Target Support Files/Pods-GitHubb/Pods-GitHubb-frameworks-${CONFIGURATION}-input-files.xcfilelist",
			);
			name = "[CP] Embed Pods Frameworks";
			outputFileListPaths = (
				"${PODS_ROOT}/Target Support Files/Pods-GitHubb/Pods-GitHubb-frameworks-${CONFIGURATION}-output-files.xcfilelist",
			);
			runOnlyForDeploymentPostprocessing = 0;
			shellPath = /bin/sh;
			shellScript = "\"${PODS_ROOT}/Target Support Files/Pods-GitHubb/Pods-GitHubb-frameworks.sh\"\n";
			showEnvVarsInLog = 0;
		};
/* End PBXShellScriptBuildPhase section */

/* Begin PBXSourcesBuildPhase section */
		E6701532241FDDB700BAAD05 /* Sources */ = {
			isa = PBXSourcesBuildPhase;
			buildActionMask = 2147483647;
			files = (
				E670157E2421064500BAAD05 /* Repo.m in Sources */,
				E670156D242007C200BAAD05 /* User.m in Sources */,
				E670157A2420EE0300BAAD05 /* ITS_RepoCollectionViewCell.m in Sources */,
				E67015732420D78900BAAD05 /* ITS_ProfileViewController.m in Sources */,
				E670155E241FFD9100BAAD05 /* ITS_UserListTableViewCell.h in Sources */,
				E670153B241FDDB700BAAD05 /* AppDelegate.m in Sources */,
				E67015762420E2D600BAAD05 /* ITS_UserProfileViewModel.m in Sources */,
				E6701565242003B300BAAD05 /* ITS_ServiceManager.m in Sources */,
				E67015622420023F00BAAD05 /* ITS_ServiceUtils.m in Sources */,
				E670155C241FF8E400BAAD05 /* ITS_UserListTableViewCell.m in Sources */,
				E670154C241FDDB800BAAD05 /* main.m in Sources */,
				E670153E241FDDB700BAAD05 /* SceneDelegate.m in Sources */,
				E67015702420115F00BAAD05 /* ITS_UserListViewModel.m in Sources */,
				E67015682420050200BAAD05 /* ITS_Repository.m in Sources */,
				E6701555241FE71C00BAAD05 /* ITS_UserListTableViewController.m in Sources */,
			);
			runOnlyForDeploymentPostprocessing = 0;
		};
/* End PBXSourcesBuildPhase section */

/* Begin PBXVariantGroup section */
		E6701542241FDDB700BAAD05 /* Main.storyboard */ = {
			isa = PBXVariantGroup;
			children = (
				E6701543241FDDB700BAAD05 /* Base */,
			);
			name = Main.storyboard;
			sourceTree = "<group>";
		};
		E6701547241FDDB800BAAD05 /* LaunchScreen.storyboard */ = {
			isa = PBXVariantGroup;
			children = (
				E6701548241FDDB800BAAD05 /* Base */,
			);
			name = LaunchScreen.storyboard;
			sourceTree = "<group>";
		};
/* End PBXVariantGroup section */

/* Begin XCBuildConfiguration section */
		E670154D241FDDB800BAAD05 /* Debug */ = {
			isa = XCBuildConfiguration;
			buildSettings = {
				ALWAYS_SEARCH_USER_PATHS = NO;
				CLANG_ANALYZER_NONNULL = YES;
				CLANG_ANALYZER_NUMBER_OBJECT_CONVERSION = YES_AGGRESSIVE;
				CLANG_CXX_LANGUAGE_STANDARD = "gnu++14";
				CLANG_CXX_LIBRARY = "libc++";
				CLANG_ENABLE_MODULES = YES;
				CLANG_ENABLE_OBJC_ARC = YES;
				CLANG_ENABLE_OBJC_WEAK = YES;
				CLANG_WARN_BLOCK_CAPTURE_AUTORELEASING = YES;
				CLANG_WARN_BOOL_CONVERSION = YES;
				CLANG_WARN_COMMA = YES;
				CLANG_WARN_CONSTANT_CONVERSION = YES;
				CLANG_WARN_DEPRECATED_OBJC_IMPLEMENTATIONS = YES;
				CLANG_WARN_DIRECT_OBJC_ISA_USAGE = YES_ERROR;
				CLANG_WARN_DOCUMENTATION_COMMENTS = YES;
				CLANG_WARN_EMPTY_BODY = YES;
				CLANG_WARN_ENUM_CONVERSION = YES;
				CLANG_WARN_INFINITE_RECURSION = YES;
				CLANG_WARN_INT_CONVERSION = YES;
				CLANG_WARN_NON_LITERAL_NULL_CONVERSION = YES;
				CLANG_WARN_OBJC_IMPLICIT_RETAIN_SELF = YES;
				CLANG_WARN_OBJC_LITERAL_CONVERSION = YES;
				CLANG_WARN_OBJC_ROOT_CLASS = YES_ERROR;
				CLANG_WARN_RANGE_LOOP_ANALYSIS = YES;
				CLANG_WARN_STRICT_PROTOTYPES = YES;
				CLANG_WARN_SUSPICIOUS_MOVE = YES;
				CLANG_WARN_UNGUARDED_AVAILABILITY = YES_AGGRESSIVE;
				CLANG_WARN_UNREACHABLE_CODE = YES;
				CLANG_WARN__DUPLICATE_METHOD_MATCH = YES;
				COPY_PHASE_STRIP = NO;
				DEBUG_INFORMATION_FORMAT = dwarf;
				ENABLE_STRICT_OBJC_MSGSEND = YES;
				ENABLE_TESTABILITY = YES;
				GCC_C_LANGUAGE_STANDARD = gnu11;
				GCC_DYNAMIC_NO_PIC = NO;
				GCC_NO_COMMON_BLOCKS = YES;
				GCC_OPTIMIZATION_LEVEL = 0;
				GCC_PREPROCESSOR_DEFINITIONS = (
					"DEBUG=1",
					"$(inherited)",
				);
				GCC_WARN_64_TO_32_BIT_CONVERSION = YES;
				GCC_WARN_ABOUT_RETURN_TYPE = YES_ERROR;
				GCC_WARN_UNDECLARED_SELECTOR = YES;
				GCC_WARN_UNINITIALIZED_AUTOS = YES_AGGRESSIVE;
				GCC_WARN_UNUSED_FUNCTION = YES;
				GCC_WARN_UNUSED_VARIABLE = YES;
				IPHONEOS_DEPLOYMENT_TARGET = 13.2;
				MTL_ENABLE_DEBUG_INFO = INCLUDE_SOURCE;
				MTL_FAST_MATH = YES;
				ONLY_ACTIVE_ARCH = YES;
				SDKROOT = iphoneos;
			};
			name = Debug;
		};
		E670154E241FDDB800BAAD05 /* Release */ = {
			isa = XCBuildConfiguration;
			buildSettings = {
				ALWAYS_SEARCH_USER_PATHS = NO;
				CLANG_ANALYZER_NONNULL = YES;
				CLANG_ANALYZER_NUMBER_OBJECT_CONVERSION = YES_AGGRESSIVE;
				CLANG_CXX_LANGUAGE_STANDARD = "gnu++14";
				CLANG_CXX_LIBRARY = "libc++";
				CLANG_ENABLE_MODULES = YES;
				CLANG_ENABLE_OBJC_ARC = YES;
				CLANG_ENABLE_OBJC_WEAK = YES;
				CLANG_WARN_BLOCK_CAPTURE_AUTORELEASING = YES;
				CLANG_WARN_BOOL_CONVERSION = YES;
				CLANG_WARN_COMMA = YES;
				CLANG_WARN_CONSTANT_CONVERSION = YES;
				CLANG_WARN_DEPRECATED_OBJC_IMPLEMENTATIONS = YES;
				CLANG_WARN_DIRECT_OBJC_ISA_USAGE = YES_ERROR;
				CLANG_WARN_DOCUMENTATION_COMMENTS = YES;
				CLANG_WARN_EMPTY_BODY = YES;
				CLANG_WARN_ENUM_CONVERSION = YES;
				CLANG_WARN_INFINITE_RECURSION = YES;
				CLANG_WARN_INT_CONVERSION = YES;
				CLANG_WARN_NON_LITERAL_NULL_CONVERSION = YES;
				CLANG_WARN_OBJC_IMPLICIT_RETAIN_SELF = YES;
				CLANG_WARN_OBJC_LITERAL_CONVERSION = YES;
				CLANG_WARN_OBJC_ROOT_CLASS = YES_ERROR;
				CLANG_WARN_RANGE_LOOP_ANALYSIS = YES;
				CLANG_WARN_STRICT_PROTOTYPES = YES;
				CLANG_WARN_SUSPICIOUS_MOVE = YES;
				CLANG_WARN_UNGUARDED_AVAILABILITY = YES_AGGRESSIVE;
				CLANG_WARN_UNREACHABLE_CODE = YES;
				CLANG_WARN__DUPLICATE_METHOD_MATCH = YES;
				COPY_PHASE_STRIP = NO;
				DEBUG_INFORMATION_FORMAT = "dwarf-with-dsym";
				ENABLE_NS_ASSERTIONS = NO;
				ENABLE_STRICT_OBJC_MSGSEND = YES;
				GCC_C_LANGUAGE_STANDARD = gnu11;
				GCC_NO_COMMON_BLOCKS = YES;
				GCC_WARN_64_TO_32_BIT_CONVERSION = YES;
				GCC_WARN_ABOUT_RETURN_TYPE = YES_ERROR;
				GCC_WARN_UNDECLARED_SELECTOR = YES;
				GCC_WARN_UNINITIALIZED_AUTOS = YES_AGGRESSIVE;
				GCC_WARN_UNUSED_FUNCTION = YES;
				GCC_WARN_UNUSED_VARIABLE = YES;
				IPHONEOS_DEPLOYMENT_TARGET = 13.2;
				MTL_ENABLE_DEBUG_INFO = NO;
				MTL_FAST_MATH = YES;
				SDKROOT = iphoneos;
				VALIDATE_PRODUCT = YES;
			};
			name = Release;
		};
		E6701550241FDDB800BAAD05 /* Debug */ = {
			isa = XCBuildConfiguration;
			baseConfigurationReference = 90766660221418CC226EFBD5 /* Pods-GitHubb.debug.xcconfig */;
			buildSettings = {
				ASSETCATALOG_COMPILER_APPICON_NAME = AppIcon;
				CODE_SIGN_STYLE = Automatic;
				DEVELOPMENT_TEAM = 93UZLK8LB6;
				INFOPLIST_FILE = GitHubb/Info.plist;
				LD_RUNPATH_SEARCH_PATHS = (
					"$(inherited)",
					"@executable_path/Frameworks",
				);
				PRODUCT_BUNDLE_IDENTIFIER = bernardoribeiro.GitHubb;
				PRODUCT_NAME = "$(TARGET_NAME)";
				TARGETED_DEVICE_FAMILY = "1,2";
			};
			name = Debug;
		};
		E6701551241FDDB800BAAD05 /* Release */ = {
			isa = XCBuildConfiguration;
			baseConfigurationReference = 218CF9D471818035797B4786 /* Pods-GitHubb.release.xcconfig */;
			buildSettings = {
				ASSETCATALOG_COMPILER_APPICON_NAME = AppIcon;
				CODE_SIGN_STYLE = Automatic;
				DEVELOPMENT_TEAM = 93UZLK8LB6;
				INFOPLIST_FILE = GitHubb/Info.plist;
				LD_RUNPATH_SEARCH_PATHS = (
					"$(inherited)",
					"@executable_path/Frameworks",
				);
				PRODUCT_BUNDLE_IDENTIFIER = bernardoribeiro.GitHubb;
				PRODUCT_NAME = "$(TARGET_NAME)";
				TARGETED_DEVICE_FAMILY = "1,2";
			};
			name = Release;
		};
/* End XCBuildConfiguration section */

/* Begin XCConfigurationList section */
		E6701531241FDDB700BAAD05 /* Build configuration list for PBXProject "GitHubb" */ = {
			isa = XCConfigurationList;
			buildConfigurations = (
				E670154D241FDDB800BAAD05 /* Debug */,
				E670154E241FDDB800BAAD05 /* Release */,
			);
			defaultConfigurationIsVisible = 0;
			defaultConfigurationName = Release;
		};
		E670154F241FDDB800BAAD05 /* Build configuration list for PBXNativeTarget "GitHubb" */ = {
			isa = XCConfigurationList;
			buildConfigurations = (
				E6701550241FDDB800BAAD05 /* Debug */,
				E6701551241FDDB800BAAD05 /* Release */,
			);
			defaultConfigurationIsVisible = 0;
			defaultConfigurationName = Release;
		};
/* End XCConfigurationList section */
	};
	rootObject = E670152E241FDDB700BAAD05 /* Project object */;
}
